<?xml version="1.0" encoding="utf-8"?>
<Project ToolsVersion="4.0" xmlns="http://schemas.microsoft.com/developer/msbuild/2003">
  <ItemGroup>
    <Filter Include="main">
      <UniqueIdentifier>{4FC737F1-C7A5-4376-A066-2A32D752A2FF}</UniqueIdentifier>
      <Extensions>cpp;c;cc;cxx;def;odl;idl;hpj;bat;asm;asmx</Extensions>
    </Filter>
    <Filter Include="imported">
      <UniqueIdentifier>{f595fe7f-d6f6-4b5c-bbb0-f61fdceb9ec4}</UniqueIdentifier>
    </Filter>
    <Filter Include="imported\Discord SDK">
      <UniqueIdentifier>{18154638-c228-4994-87c7-1ed892e052d4}</UniqueIdentifier>
    </Filter>
    <Filter Include="hidden">
      <UniqueIdentifier>{dcb3542a-0131-4b0b-a73c-a0d987fc4ef9}</UniqueIdentifier>
    </Filter>
    <Filter Include="external LSW">
      <UniqueIdentifier>{32d7dcfa-abc8-4724-9510-c8856c072cf0}</UniqueIdentifier>
    </Filter>
    <Filter Include="external LSW\map_gen">
      <UniqueIdentifier>{88b38599-36f6-4dbf-b78d-21b5dfb8ee71}</UniqueIdentifier>
    </Filter>
    <Filter Include="external LSW\packet_raw">
      <UniqueIdentifier>{8894e2d5-cd59-43f7-b7cd-09071c0cc2fa}</UniqueIdentifier>
    </Filter>
    <Filter Include="external LSW\gaming modes">
      <UniqueIdentifier>{16a9b1a4-d29a-477d-b199-a79a8fd0f632}</UniqueIdentifier>
    </Filter>
    <Filter Include="external LSW\discord_thread">
      <UniqueIdentifier>{244865f4-1a46-4f18-a3f5-13f5a2e32935}</UniqueIdentifier>
    </Filter>
    <Filter Include="base LSW">
      <UniqueIdentifier>{3607aa8a-373a-4f0b-87ab-b1c368b4433e}</UniqueIdentifier>
    </Filter>
    <Filter Include="base LSW\tools">
      <UniqueIdentifier>{5f1144ce-f0d1-432f-8883-8202e776813d}</UniqueIdentifier>
    </Filter>
    <Filter Include="base LSW\system">
      <UniqueIdentifier>{669ce889-547d-4fe4-b8b9-b3dcae8b284f}</UniqueIdentifier>
    </Filter>
    <Filter Include="base LSW\sound">
      <UniqueIdentifier>{fd2b2c31-040b-4e19-aa91-f16eabff867e}</UniqueIdentifier>
    </Filter>
    <Filter Include="base LSW\shared_constants">
      <UniqueIdentifier>{55ba1b81-6ca2-4f2d-87d8-0bf608a2c5ad}</UniqueIdentifier>
    </Filter>
    <Filter Include="base LSW\organizer">
      <UniqueIdentifier>{9adb8b70-e2b7-40f7-9971-25ebd55cbcf5}</UniqueIdentifier>
    </Filter>
    <Filter Include="base LSW\log">
      <UniqueIdentifier>{8ea53e9f-1584-4bb3-8a24-6191433d5f9a}</UniqueIdentifier>
    </Filter>
    <Filter Include="base LSW\drawing">
      <UniqueIdentifier>{d61599ae-3ecc-448a-9871-b23b08ceb76c}</UniqueIdentifier>
    </Filter>
    <Filter Include="base LSW\custom_abort">
      <UniqueIdentifier>{cd6e2afa-e14a-427f-8e14-7257f884de13}</UniqueIdentifier>
    </Filter>
    <Filter Include="base LSW\console">
      <UniqueIdentifier>{b2b97a5f-37dd-4066-8c96-c09c6035eba0}</UniqueIdentifier>
    </Filter>
    <Filter Include="base LSW\big_templates">
      <UniqueIdentifier>{d74dd886-e576-4079-9e68-9e74dd47425d}</UniqueIdentifier>
    </Filter>
    <Filter Include="base LSW\downloader">
      <UniqueIdentifier>{563cd6bf-b759-4636-8fc9-3dfa438f4f8d}</UniqueIdentifier>
    </Filter>
    <Filter Include="base LSW\hash_gen">
      <UniqueIdentifier>{fd4885cb-c27d-465b-a930-1f16687cf58a}</UniqueIdentifier>
    </Filter>
  </ItemGroup>
  <ItemGroup>
    <ClCompile Include="..\LSW\custom_abort\abort.cpp">
      <Filter>base LSW\custom_abort</Filter>
    </ClCompile>
    <ClCompile Include="..\LSW\tools\tools.cpp">
      <Filter>base LSW\tools</Filter>
    </ClCompile>
    <ClCompile Include="..\LSW\system\system.cpp">
      <Filter>base LSW\system</Filter>
    </ClCompile>
    <ClCompile Include="..\LSW\drawing\drawing.cpp">
      <Filter>base LSW\drawing</Filter>
    </ClCompile>
    <ClCompile Include="..\LSW\console\console.cpp">
      <Filter>base LSW\console</Filter>
    </ClCompile>
    <ClCompile Include="..\LSW\sound\sound.cpp">
      <Filter>base LSW\sound</Filter>
    </ClCompile>
    <ClCompile Include="..\LSW\map_gen\map.cpp">
      <Filter>external LSW\map_gen</Filter>
    </ClCompile>
    <ClCompile Include="starter.cpp">
      <Filter>main</Filter>
    </ClCompile>
    <ClCompile Include="..\LSW\package_raw\package_raw.cpp">
      <Filter>external LSW\packet_raw</Filter>
    </ClCompile>
    <ClCompile Include="..\LSW\download_manager\downloader.cpp">
      <Filter>base LSW\downloader</Filter>
    </ClCompile>
    <ClCompile Include="..\LSW\hash\sha256.cpp">
      <Filter>base LSW\hash_gen</Filter>
    </ClCompile>
    <ClCompile Include="..\imported\source\application_manager.cpp">
      <Filter>imported\Discord SDK</Filter>
    </ClCompile>
    <ClCompile Include="..\imported\source\core.cpp">
      <Filter>imported\Discord SDK</Filter>
    </ClCompile>
    <ClCompile Include="..\imported\source\image_manager.cpp">
      <Filter>imported\Discord SDK</Filter>
    </ClCompile>
    <ClCompile Include="..\imported\source\lobby_manager.cpp">
      <Filter>imported\Discord SDK</Filter>
    </ClCompile>
    <ClCompile Include="..\imported\source\network_manager.cpp">
      <Filter>imported\Discord SDK</Filter>
    </ClCompile>
    <ClCompile Include="..\imported\source\overlay_manager.cpp">
      <Filter>imported\Discord SDK</Filter>
    </ClCompile>
    <ClCompile Include="..\imported\source\relationship_manager.cpp">
      <Filter>imported\Discord SDK</Filter>
    </ClCompile>
    <ClCompile Include="..\imported\source\storage_manager.cpp">
      <Filter>imported\Discord SDK</Filter>
    </ClCompile>
    <ClCompile Include="..\imported\source\store_manager.cpp">
      <Filter>imported\Discord SDK</Filter>
    </ClCompile>
    <ClCompile Include="..\imported\source\types.cpp">
      <Filter>imported\Discord SDK</Filter>
    </ClCompile>
    <ClCompile Include="..\imported\source\user_manager.cpp">
      <Filter>imported\Discord SDK</Filter>
    </ClCompile>
    <ClCompile Include="..\imported\source\voice_manager.cpp">
      <Filter>imported\Discord SDK</Filter>
    </ClCompile>
    <ClCompile Include="..\imported\source\achievement_manager.cpp">
      <Filter>imported\Discord SDK</Filter>
    </ClCompile>
    <ClCompile Include="..\imported\source\activity_manager.cpp">
      <Filter>imported\Discord SDK</Filter>
    </ClCompile>
    <ClCompile Include="self_only.cpp">
      <Filter>main</Filter>
    </ClCompile>
    <ClCompile Include="..\LSW external optional dependencies\gaming_modes\gaming_storm.cpp">
      <Filter>external LSW\gaming modes</Filter>
    </ClCompile>
    <ClCompile Include="..\LSW external optional dependencies\discord_thread\discord_thread.cpp">
      <Filter>external LSW\discord_thread</Filter>
    </ClCompile>
  </ItemGroup>
  <ItemGroup>
    <ClInclude Include="..\LSW\custom_abort\abort.h">
      <Filter>base LSW\custom_abort</Filter>
    </ClInclude>
    <ClInclude Include="..\LSW\tools\tools.h">
      <Filter>base LSW\tools</Filter>
    </ClInclude>
    <ClInclude Include="..\LSW\system\system.h">
      <Filter>base LSW\system</Filter>
    </ClInclude>
    <ClInclude Include="..\LSW\drawing\drawing.h">
      <Filter>base LSW\drawing</Filter>
    </ClInclude>
    <ClInclude Include="..\LSW\organizer\organizer.h">
      <Filter>base LSW\organizer</Filter>
    </ClInclude>
    <ClInclude Include="..\LSW\console\console.h">
      <Filter>base LSW\console</Filter>
    </ClInclude>
    <ClInclude Include="..\LSW\big_templates\big_templates.h">
      <Filter>base LSW\big_templates</Filter>
    </ClInclude>
    <ClInclude Include="..\LSW\logger\logger.h">
      <Filter>base LSW\log</Filter>
    </ClInclude>
    <ClInclude Include="..\LSW\sound\sound.h">
      <Filter>base LSW\sound</Filter>
    </ClInclude>
    <ClInclude Include="..\LSW\shared_constants\constants.h">
      <Filter>base LSW\shared_constants</Filter>
    </ClInclude>
    <ClInclude Include="resource.h" />
    <ClInclude Include="..\LSW\big_templates\small_templates.h">
      <Filter>base LSW\big_templates</Filter>
    </ClInclude>
    <ClInclude Include="..\LSW\map_gen\map.h">
      <Filter>external LSW\map_gen</Filter>
    </ClInclude>
    <ClInclude Include="..\LSW\package_raw\package_raw.h">
      <Filter>external LSW\packet_raw</Filter>
    </ClInclude>
    <ClInclude Include="..\LSW\download_manager\downloader.h">
      <Filter>base LSW\downloader</Filter>
    </ClInclude>
    <ClInclude Include="..\LSW\hash\sha256.h">
      <Filter>base LSW\hash_gen</Filter>
    </ClInclude>
    <ClInclude Include="..\imported\source\activity_manager.h">
      <Filter>imported\Discord SDK</Filter>
    </ClInclude>
    <ClInclude Include="..\imported\source\application_manager.h">
      <Filter>imported\Discord SDK</Filter>
    </ClInclude>
    <ClInclude Include="..\imported\source\core.h">
      <Filter>imported\Discord SDK</Filter>
    </ClInclude>
    <ClInclude Include="..\imported\source\discord.h">
      <Filter>imported\Discord SDK</Filter>
    </ClInclude>
    <ClInclude Include="..\imported\source\event.h">
      <Filter>imported\Discord SDK</Filter>
    </ClInclude>
    <ClInclude Include="..\imported\source\ffi.h">
      <Filter>imported\Discord SDK</Filter>
    </ClInclude>
    <ClInclude Include="..\imported\source\image_manager.h">
      <Filter>imported\Discord SDK</Filter>
    </ClInclude>
    <ClInclude Include="..\imported\source\lobby_manager.h">
      <Filter>imported\Discord SDK</Filter>
    </ClInclude>
    <ClInclude Include="..\imported\source\network_manager.h">
      <Filter>imported\Discord SDK</Filter>
    </ClInclude>
    <ClInclude Include="..\imported\source\overlay_manager.h">
      <Filter>imported\Discord SDK</Filter>
    </ClInclude>
    <ClInclude Include="..\imported\source\relationship_manager.h">
      <Filter>imported\Discord SDK</Filter>
    </ClInclude>
    <ClInclude Include="..\imported\source\storage_manager.h">
      <Filter>imported\Discord SDK</Filter>
    </ClInclude>
    <ClInclude Include="..\imported\source\store_manager.h">
      <Filter>imported\Discord SDK</Filter>
    </ClInclude>
    <ClInclude Include="..\imported\source\types.h">
      <Filter>imported\Discord SDK</Filter>
    </ClInclude>
    <ClInclude Include="..\imported\source\user_manager.h">
      <Filter>imported\Discord SDK</Filter>
    </ClInclude>
    <ClInclude Include="..\imported\source\voice_manager.h">
      <Filter>imported\Discord SDK</Filter>
    </ClInclude>
    <ClInclude Include="..\imported\source\achievement_manager.h">
      <Filter>imported\Discord SDK</Filter>
    </ClInclude>
    <ClInclude Include="self_only.h">
      <Filter>main</Filter>
    </ClInclude>
    <ClInclude Include="..\LSW external optional dependencies\gaming_modes\gaming_storm.h">
      <Filter>external LSW\gaming modes</Filter>
    </ClInclude>
    <ClInclude Include="..\LSW external optional dependencies\discord_thread\discord_thread.h">
      <Filter>external LSW\discord_thread</Filter>
    </ClInclude>
    <ClInclude Include="..\hidden\hidden.h">
      <Filter>hidden</Filter>
    </ClInclude>
  </ItemGroup>
  <ItemGroup>
    <ResourceCompile Include="TheBlast Updated V2.rc" />
  </ItemGroup>
  <ItemGroup>
    <Image Include="icon1.ico" />
  </ItemGroup>
  <ItemGroup>
    <None Include="packages.config" />
  </ItemGroup>
</Project>