<?xml version="1.0" encoding="utf-8"?>
<Project ToolsVersion="4.0" xmlns="http://schemas.microsoft.com/developer/msbuild/2003">
  <ItemGroup>
    <Filter Include="main">
      <UniqueIdentifier>{4FC737F1-C7A5-4376-A066-2A32D752A2FF}</UniqueIdentifier>
      <Extensions>cpp;c;cc;cxx;def;odl;idl;hpj;bat;asm;asmx</Extensions>
    </Filter>
    <Filter Include="base">
      <UniqueIdentifier>{3607aa8a-373a-4f0b-87ab-b1c368b4433e}</UniqueIdentifier>
    </Filter>
    <Filter Include="base\tools">
      <UniqueIdentifier>{5f1144ce-f0d1-432f-8883-8202e776813d}</UniqueIdentifier>
    </Filter>
    <Filter Include="base\system">
      <UniqueIdentifier>{669ce889-547d-4fe4-b8b9-b3dcae8b284f}</UniqueIdentifier>
    </Filter>
    <Filter Include="base\sound">
      <UniqueIdentifier>{fd2b2c31-040b-4e19-aa91-f16eabff867e}</UniqueIdentifier>
    </Filter>
    <Filter Include="base\shared_constants">
      <UniqueIdentifier>{55ba1b81-6ca2-4f2d-87d8-0bf608a2c5ad}</UniqueIdentifier>
    </Filter>
    <Filter Include="base\organizer">
      <UniqueIdentifier>{9adb8b70-e2b7-40f7-9971-25ebd55cbcf5}</UniqueIdentifier>
    </Filter>
    <Filter Include="base\log">
      <UniqueIdentifier>{8ea53e9f-1584-4bb3-8a24-6191433d5f9a}</UniqueIdentifier>
    </Filter>
    <Filter Include="base\drawing">
      <UniqueIdentifier>{d61599ae-3ecc-448a-9871-b23b08ceb76c}</UniqueIdentifier>
    </Filter>
    <Filter Include="base\custom_abort">
      <UniqueIdentifier>{cd6e2afa-e14a-427f-8e14-7257f884de13}</UniqueIdentifier>
    </Filter>
    <Filter Include="base\console">
      <UniqueIdentifier>{b2b97a5f-37dd-4066-8c96-c09c6035eba0}</UniqueIdentifier>
    </Filter>
    <Filter Include="base\big_templates">
      <UniqueIdentifier>{d74dd886-e576-4079-9e68-9e74dd47425d}</UniqueIdentifier>
    </Filter>
    <Filter Include="gaming">
      <UniqueIdentifier>{32d7dcfa-abc8-4724-9510-c8856c072cf0}</UniqueIdentifier>
    </Filter>
    <Filter Include="gaming\map_gen">
      <UniqueIdentifier>{88b38599-36f6-4dbf-b78d-21b5dfb8ee71}</UniqueIdentifier>
    </Filter>
    <Filter Include="base\_include_all">
      <UniqueIdentifier>{50698a0a-9d2d-45f4-bae3-6e71ea63e61c}</UniqueIdentifier>
    </Filter>
  </ItemGroup>
  <ItemGroup>
    <ClCompile Include="starter.cpp">
      <Filter>main</Filter>
    </ClCompile>
    <ClCompile Include="LSW\custom_abort\abort.cpp">
      <Filter>base\custom_abort</Filter>
    </ClCompile>
    <ClCompile Include="LSW\tools\tools.cpp">
      <Filter>base\tools</Filter>
    </ClCompile>
    <ClCompile Include="LSW\system\system.cpp">
      <Filter>base\system</Filter>
    </ClCompile>
    <ClCompile Include="LSW\drawing\drawing.cpp">
      <Filter>base\drawing</Filter>
    </ClCompile>
    <ClCompile Include="LSW\console\console.cpp">
      <Filter>base\console</Filter>
    </ClCompile>
    <ClCompile Include="LSW\sound\sound.cpp">
      <Filter>base\sound</Filter>
    </ClCompile>
    <ClCompile Include="LSW\map_gen\map.cpp">
      <Filter>gaming\map_gen</Filter>
    </ClCompile>
  </ItemGroup>
  <ItemGroup>
    <ClInclude Include="LSW\custom_abort\abort.h">
      <Filter>base\custom_abort</Filter>
    </ClInclude>
    <ClInclude Include="LSW\tools\tools.h">
      <Filter>base\tools</Filter>
    </ClInclude>
    <ClInclude Include="LSW\system\system.h">
      <Filter>base\system</Filter>
    </ClInclude>
    <ClInclude Include="LSW\drawing\drawing.h">
      <Filter>base\drawing</Filter>
    </ClInclude>
    <ClInclude Include="LSW\organizer\organizer.h">
      <Filter>base\organizer</Filter>
    </ClInclude>
    <ClInclude Include="LSW\console\console.h">
      <Filter>base\console</Filter>
    </ClInclude>
    <ClInclude Include="LSW\big_templates\big_templates.h">
      <Filter>base\big_templates</Filter>
    </ClInclude>
    <ClInclude Include="LSW\logger\logger.h">
      <Filter>base\log</Filter>
    </ClInclude>
    <ClInclude Include="LSW\sound\sound.h">
      <Filter>base\sound</Filter>
    </ClInclude>
    <ClInclude Include="LSW\shared_constants\constants.h">
      <Filter>base\shared_constants</Filter>
    </ClInclude>
    <ClInclude Include="resource.h" />
    <ClInclude Include="LSW\big_templates\small_templates.h">
      <Filter>base\big_templates</Filter>
    </ClInclude>
    <ClInclude Include="LSW\map_gen\map.h">
      <Filter>gaming\map_gen</Filter>
    </ClInclude>
    <ClInclude Include="LSW\lsw.h">
      <Filter>base\_include_all</Filter>
    </ClInclude>
  </ItemGroup>
  <ItemGroup>
    <None Include="packages.config" />
  </ItemGroup>
  <ItemGroup>
    <ResourceCompile Include="TheBlast Updated V2.rc" />
  </ItemGroup>
  <ItemGroup>
    <Image Include="icon1.ico" />
  </ItemGroup>
</Project>