<?xml version="1.0" encoding="utf-8"?>
<Project ToolsVersion="4.0" xmlns="http://schemas.microsoft.com/developer/msbuild/2003">
  <ItemGroup>
    <Filter Include="_external">
      <UniqueIdentifier>{6cbc122a-5e0b-4293-8402-a58c4a026801}</UniqueIdentifier>
    </Filter>
    <Filter Include="all">
      <UniqueIdentifier>{433a3495-d1d6-4061-a37b-5724779799d1}</UniqueIdentifier>
    </Filter>
    <Filter Include="allegro">
      <UniqueIdentifier>{94f52a12-1386-4a98-815f-bd93860ca8b7}</UniqueIdentifier>
    </Filter>
    <Filter Include="defaults">
      <UniqueIdentifier>{2bc76435-1e43-4520-9f5b-2b7d94bf628e}</UniqueIdentifier>
    </Filter>
    <Filter Include="download_manager">
      <UniqueIdentifier>{50fd611f-de03-464c-b6c1-336e449988ef}</UniqueIdentifier>
    </Filter>
    <Filter Include="log_file">
      <UniqueIdentifier>{033d3e9f-9ed3-4fd9-927d-c3c71d5dd3b5}</UniqueIdentifier>
    </Filter>
    <Filter Include="main">
      <UniqueIdentifier>{0e70aa7c-927f-45eb-b671-8ed00e612ab8}</UniqueIdentifier>
    </Filter>
    <Filter Include="safer">
      <UniqueIdentifier>{6e103ba6-02f1-4866-9745-266581072bb3}</UniqueIdentifier>
    </Filter>
    <Filter Include="tools">
      <UniqueIdentifier>{eca405ff-9e4a-4af2-8f8d-cfba089f6dc1}</UniqueIdentifier>
    </Filter>
    <Filter Include="allegro\camera">
      <UniqueIdentifier>{a930b7da-9861-4e6a-8453-0eaaabde8766}</UniqueIdentifier>
    </Filter>
    <Filter Include="allegro\display">
      <UniqueIdentifier>{7bc14b5d-aa59-437f-a140-20ced80efa1d}</UniqueIdentifier>
    </Filter>
    <Filter Include="allegro\events">
      <UniqueIdentifier>{42c963df-6c81-42cc-9095-a39f838d7df8}</UniqueIdentifier>
    </Filter>
    <Filter Include="allegro\fx">
      <UniqueIdentifier>{22f45f37-ab5b-42f6-80a7-2fd8dbbb4512}</UniqueIdentifier>
    </Filter>
    <Filter Include="allegro\image">
      <UniqueIdentifier>{e174d44b-3265-4eda-b2b7-2b5be9deb22b}</UniqueIdentifier>
    </Filter>
    <Filter Include="allegro\layerer">
      <UniqueIdentifier>{e18ffd50-8c7a-463a-927e-55ced8c515d3}</UniqueIdentifier>
    </Filter>
    <Filter Include="allegro\sound">
      <UniqueIdentifier>{8ec570a9-9e92-462c-a715-bf05db6a60e2}</UniqueIdentifier>
    </Filter>
    <Filter Include="allegro\sprite">
      <UniqueIdentifier>{cecaae10-bae1-46a0-b3d7-4b6fcb812a43}</UniqueIdentifier>
    </Filter>
    <Filter Include="allegro\text">
      <UniqueIdentifier>{9ffea2b7-a834-4147-bc9c-dca635b7b2be}</UniqueIdentifier>
    </Filter>
    <Filter Include="tools\stacker">
      <UniqueIdentifier>{65139002-d2ef-4911-bd41-dc0563591794}</UniqueIdentifier>
    </Filter>
    <Filter Include="map">
      <UniqueIdentifier>{46d05355-6ecb-407e-90f3-d78a127f9c05}</UniqueIdentifier>
    </Filter>
    <Filter Include="entity">
      <UniqueIdentifier>{e84f4d22-ed46-4850-9d49-cbe397b3d348}</UniqueIdentifier>
    </Filter>
    <Filter Include="main\sub_main">
      <UniqueIdentifier>{f501c6c9-1ca9-495f-be38-efd19521a856}</UniqueIdentifier>
    </Filter>
  </ItemGroup>
  <ItemGroup>
    <ClInclude Include="LSW\safer\safer.h">
      <Filter>safer</Filter>
    </ClInclude>
    <ClInclude Include="LSW\tools\tools.h">
      <Filter>tools</Filter>
    </ClInclude>
    <ClInclude Include="LSW\all\enable_all.h">
      <Filter>all</Filter>
    </ClInclude>
    <ClInclude Include="LSW\_external\dirent.h">
      <Filter>_external</Filter>
    </ClInclude>
    <ClInclude Include="LSW\allegro\camera\camera.h">
      <Filter>allegro\camera</Filter>
    </ClInclude>
    <ClInclude Include="LSW\defaults\defaults.h">
      <Filter>defaults</Filter>
    </ClInclude>
    <ClInclude Include="LSW\download_manager\downloader_v2.h">
      <Filter>download_manager</Filter>
    </ClInclude>
    <ClInclude Include="LSW\log_file\log.h">
      <Filter>log_file</Filter>
    </ClInclude>
    <ClInclude Include="LSW\allegro\display\display.h">
      <Filter>allegro\display</Filter>
    </ClInclude>
    <ClInclude Include="LSW\allegro\events\events.h">
      <Filter>allegro\events</Filter>
    </ClInclude>
    <ClInclude Include="LSW\allegro\fx\fx.h">
      <Filter>allegro\fx</Filter>
    </ClInclude>
    <ClInclude Include="LSW\allegro\image\imager.h">
      <Filter>allegro\image</Filter>
    </ClInclude>
    <ClInclude Include="LSW\allegro\layerer\layerer.h">
      <Filter>allegro\layerer</Filter>
    </ClInclude>
    <ClInclude Include="LSW\allegro\text\text.h">
      <Filter>allegro\text</Filter>
    </ClInclude>
    <ClInclude Include="LSW\allegro\sound\sound.h">
      <Filter>allegro\sound</Filter>
    </ClInclude>
    <ClInclude Include="LSW\allegro\sprite\sprite.h">
      <Filter>allegro\sprite</Filter>
    </ClInclude>
    <ClInclude Include="LSW\tools\stacker\stacker.h">
      <Filter>tools\stacker</Filter>
    </ClInclude>
    <ClInclude Include="LSW\map\map_control.h">
      <Filter>map</Filter>
    </ClInclude>
    <ClInclude Include="LSW\entity\entity.h">
      <Filter>entity</Filter>
    </ClInclude>
    <ClInclude Include="LSW\main\sub_main\sub_main.h">
      <Filter>main\sub_main</Filter>
    </ClInclude>
  </ItemGroup>
  <ItemGroup>
    <ClCompile Include="LSW\download_manager\downloader_v2.cpp">
      <Filter>download_manager</Filter>
    </ClCompile>
    <ClCompile Include="LSW\main\main.cpp">
      <Filter>main</Filter>
    </ClCompile>
    <ClCompile Include="LSW\allegro\camera\camera.cpp">
      <Filter>allegro\camera</Filter>
    </ClCompile>
    <ClCompile Include="LSW\allegro\display\display.cpp">
      <Filter>allegro\display</Filter>
    </ClCompile>
    <ClCompile Include="LSW\allegro\events\events.cpp">
      <Filter>allegro\events</Filter>
    </ClCompile>
    <ClCompile Include="LSW\allegro\fx\fx.cpp">
      <Filter>allegro\fx</Filter>
    </ClCompile>
    <ClCompile Include="LSW\allegro\image\imager.cpp">
      <Filter>allegro\image</Filter>
    </ClCompile>
    <ClCompile Include="LSW\allegro\layerer\layerer.cpp">
      <Filter>allegro\layerer</Filter>
    </ClCompile>
    <ClCompile Include="LSW\allegro\text\text.cpp">
      <Filter>allegro\text</Filter>
    </ClCompile>
    <ClCompile Include="LSW\allegro\sound\sound.cpp">
      <Filter>allegro\sound</Filter>
    </ClCompile>
    <ClCompile Include="LSW\tools\stacker\stacker.cpp">
      <Filter>tools\stacker</Filter>
    </ClCompile>
    <ClCompile Include="LSW\allegro\sprite\sprite.cpp">
      <Filter>allegro\sprite</Filter>
    </ClCompile>
    <ClCompile Include="LSW\map\map_control.cpp">
      <Filter>map</Filter>
    </ClCompile>
    <ClCompile Include="LSW\entity\entity.cpp">
      <Filter>entity</Filter>
    </ClCompile>
    <ClCompile Include="LSW\main\sub_main\sub_main.cpp">
      <Filter>main\sub_main</Filter>
    </ClCompile>
  </ItemGroup>
  <ItemGroup>
    <None Include="packages.config" />
  </ItemGroup>
</Project>