
Microsoft Visual Studio Solution File, Format Version 12.00
# Visual Studio Version 16
VisualStudioVersion = 16.0.29519.87
MinimumVisualStudioVersion = 10.0.40219.1
Project("{8BC9CEB8-8B4A-11D0-8D11-00A0C91BC942}") = "TheBlast Updated V2", "TheBlast Updated V2\TheBlast Updated V2.vcxproj", "{610A0370-0B10-47C9-9094-EAFAC5274AB6}"
EndProject
Project("{8BC9CEB8-8B4A-11D0-8D11-00A0C91BC942}") = "SingleMerge", "SingleMerge\SingleMerge.vcxproj", "{9DB3E7B1-20E6-4EC3-9F5B-C7421A22CAD3}"
EndProject
Project("{8BC9CEB8-8B4A-11D0-8D11-00A0C91BC942}") = "TheBlast Updated V2 - Server Side", "TheBlast Updated V2 - Server Side\TheBlast Updated V2 - Server Side.vcxproj", "{4FAA7ED8-6E80-404B-AD60-2EC773686001}"
EndProject
Global
	GlobalSection(SolutionConfigurationPlatforms) = preSolution
		Debug|x64 = Debug|x64
		Debug|x86 = Debug|x86
		Release|x64 = Release|x64
		Release|x86 = Release|x86
	EndGlobalSection
	GlobalSection(ProjectConfigurationPlatforms) = postSolution
		{610A0370-0B10-47C9-9094-EAFAC5274AB6}.Debug|x64.ActiveCfg = Debug|x64
		{610A0370-0B10-47C9-9094-EAFAC5274AB6}.Debug|x64.Build.0 = Debug|x64
		{610A0370-0B10-47C9-9094-EAFAC5274AB6}.Debug|x86.ActiveCfg = Debug|Win32
		{610A0370-0B10-47C9-9094-EAFAC5274AB6}.Debug|x86.Build.0 = Debug|Win32
		{610A0370-0B10-47C9-9094-EAFAC5274AB6}.Release|x64.ActiveCfg = Release|x64
		{610A0370-0B10-47C9-9094-EAFAC5274AB6}.Release|x64.Build.0 = Release|x64
		{610A0370-0B10-47C9-9094-EAFAC5274AB6}.Release|x86.ActiveCfg = Release|Win32
		{610A0370-0B10-47C9-9094-EAFAC5274AB6}.Release|x86.Build.0 = Release|Win32
		{9DB3E7B1-20E6-4EC3-9F5B-C7421A22CAD3}.Debug|x64.ActiveCfg = Debug|x64
		{9DB3E7B1-20E6-4EC3-9F5B-C7421A22CAD3}.Debug|x64.Build.0 = Debug|x64
		{9DB3E7B1-20E6-4EC3-9F5B-C7421A22CAD3}.Debug|x86.ActiveCfg = Debug|Win32
		{9DB3E7B1-20E6-4EC3-9F5B-C7421A22CAD3}.Debug|x86.Build.0 = Debug|Win32
		{9DB3E7B1-20E6-4EC3-9F5B-C7421A22CAD3}.Release|x64.ActiveCfg = Release|x64
		{9DB3E7B1-20E6-4EC3-9F5B-C7421A22CAD3}.Release|x64.Build.0 = Release|x64
		{9DB3E7B1-20E6-4EC3-9F5B-C7421A22CAD3}.Release|x86.ActiveCfg = Release|Win32
		{9DB3E7B1-20E6-4EC3-9F5B-C7421A22CAD3}.Release|x86.Build.0 = Release|Win32
		{4FAA7ED8-6E80-404B-AD60-2EC773686001}.Debug|x64.ActiveCfg = Debug|x64
		{4FAA7ED8-6E80-404B-AD60-2EC773686001}.Debug|x64.Build.0 = Debug|x64
		{4FAA7ED8-6E80-404B-AD60-2EC773686001}.Debug|x86.ActiveCfg = Debug|Win32
		{4FAA7ED8-6E80-404B-AD60-2EC773686001}.Debug|x86.Build.0 = Debug|Win32
		{4FAA7ED8-6E80-404B-AD60-2EC773686001}.Release|x64.ActiveCfg = Release|x64
		{4FAA7ED8-6E80-404B-AD60-2EC773686001}.Release|x64.Build.0 = Release|x64
		{4FAA7ED8-6E80-404B-AD60-2EC773686001}.Release|x86.ActiveCfg = Release|Win32
		{4FAA7ED8-6E80-404B-AD60-2EC773686001}.Release|x86.Build.0 = Release|Win32
	EndGlobalSection
	GlobalSection(SolutionProperties) = preSolution
		HideSolutionNode = FALSE
	EndGlobalSection
	GlobalSection(ExtensibilityGlobals) = postSolution
		SolutionGuid = {8EC259BB-68D6-4048-81C4-B2E20DC8B7D3}
	EndGlobalSection
EndGlobal
