<?xml version="1.0" encoding="utf-8"?>
<Project ToolsVersion="4.0" xmlns="http://schemas.microsoft.com/developer/msbuild/2003">
  <ItemGroup>
    <Filter Include="main">
      <UniqueIdentifier>{a2bfb0da-4f75-48e7-9c56-c7019ee35972}</UniqueIdentifier>
    </Filter>
    <Filter Include="base">
      <UniqueIdentifier>{62a69928-6fa8-45aa-bbb4-3f9728b4dc52}</UniqueIdentifier>
    </Filter>
    <Filter Include="base\tools">
      <UniqueIdentifier>{45dde38c-aa97-45e1-8305-3c33bb9feba3}</UniqueIdentifier>
    </Filter>
    <Filter Include="base\system">
      <UniqueIdentifier>{564df91e-1cb4-46cd-b56a-35ae3bcb4aed}</UniqueIdentifier>
    </Filter>
    <Filter Include="base\sound">
      <UniqueIdentifier>{fe4e1cca-90eb-4160-a2ca-475d303596d7}</UniqueIdentifier>
    </Filter>
    <Filter Include="base\organizer">
      <UniqueIdentifier>{e4a1a629-f979-40f7-a1ff-f1bf14142ab8}</UniqueIdentifier>
    </Filter>
    <Filter Include="base\log">
      <UniqueIdentifier>{5130d478-7556-47cf-89b8-b1f1c48e3b85}</UniqueIdentifier>
    </Filter>
    <Filter Include="base\drawing">
      <UniqueIdentifier>{e405063b-e704-4506-b262-902d782e3019}</UniqueIdentifier>
    </Filter>
    <Filter Include="base\custom_abort">
      <UniqueIdentifier>{e9df73e0-2721-4747-b7ea-aa64d0bc0c2d}</UniqueIdentifier>
    </Filter>
    <Filter Include="base\console">
      <UniqueIdentifier>{edec65de-c4e9-4313-991e-c2a3282d2300}</UniqueIdentifier>
    </Filter>
    <Filter Include="base\big_templates">
      <UniqueIdentifier>{8ebbc912-01c9-4cd6-8dd1-de815ae0e7b1}</UniqueIdentifier>
    </Filter>
    <Filter Include="base\downloader">
      <UniqueIdentifier>{656d1142-f5ee-4ef4-b65f-f5c5a013fd26}</UniqueIdentifier>
    </Filter>
    <Filter Include="base\hash_gen">
      <UniqueIdentifier>{27a1b42b-84d8-4744-abef-bdd938893164}</UniqueIdentifier>
    </Filter>
    <Filter Include="base\constants">
      <UniqueIdentifier>{45780051-7938-4d66-b5c2-cead87eb59eb}</UniqueIdentifier>
    </Filter>
    <Filter Include="base\menutton">
      <UniqueIdentifier>{bc93b7b8-65f0-4d62-a454-bdc7cc70c5c0}</UniqueIdentifier>
    </Filter>
  </ItemGroup>
  <ItemGroup>
    <ClCompile Include="main.cpp">
      <Filter>main</Filter>
    </ClCompile>
    <ClCompile Include="..\LSW\tools\tools.cpp">
      <Filter>base\tools</Filter>
    </ClCompile>
    <ClCompile Include="..\LSW\system\system.cpp">
      <Filter>base\system</Filter>
    </ClCompile>
    <ClCompile Include="..\LSW\sound\sound.cpp">
      <Filter>base\sound</Filter>
    </ClCompile>
    <ClCompile Include="..\LSW\drawing\drawing.cpp">
      <Filter>base\drawing</Filter>
    </ClCompile>
    <ClCompile Include="..\LSW\custom_abort\abort.cpp">
      <Filter>base\custom_abort</Filter>
    </ClCompile>
    <ClCompile Include="..\LSW\console\console.cpp">
      <Filter>base\console</Filter>
    </ClCompile>
    <ClCompile Include="..\LSW\download_manager\downloader.cpp">
      <Filter>base\downloader</Filter>
    </ClCompile>
    <ClCompile Include="..\LSW\hash\sha256.cpp">
      <Filter>base\hash_gen</Filter>
    </ClCompile>
    <ClCompile Include="self_only.cpp">
      <Filter>main</Filter>
    </ClCompile>
    <ClCompile Include="..\LSW\menutton\menutton.cpp">
      <Filter>base\menutton</Filter>
    </ClCompile>
  </ItemGroup>
  <ItemGroup>
    <None Include="packages.config" />
  </ItemGroup>
  <ItemGroup>
    <ClInclude Include="..\LSW\tools\tools.h">
      <Filter>base\tools</Filter>
    </ClInclude>
    <ClInclude Include="..\LSW\system\system.h">
      <Filter>base\system</Filter>
    </ClInclude>
    <ClInclude Include="..\LSW\sound\sound.h">
      <Filter>base\sound</Filter>
    </ClInclude>
    <ClInclude Include="..\LSW\shared_constants\constants.h">
      <Filter>base\constants</Filter>
    </ClInclude>
    <ClInclude Include="..\LSW\organizer\organizer.h">
      <Filter>base\organizer</Filter>
    </ClInclude>
    <ClInclude Include="..\LSW\logger\logger.h">
      <Filter>base\log</Filter>
    </ClInclude>
    <ClInclude Include="..\LSW\drawing\drawing.h">
      <Filter>base\drawing</Filter>
    </ClInclude>
    <ClInclude Include="..\LSW\custom_abort\abort.h">
      <Filter>base\custom_abort</Filter>
    </ClInclude>
    <ClInclude Include="..\LSW\console\console.h">
      <Filter>base\console</Filter>
    </ClInclude>
    <ClInclude Include="..\LSW\big_templates\big_templates.h">
      <Filter>base\big_templates</Filter>
    </ClInclude>
    <ClInclude Include="..\LSW\big_templates\small_templates.h">
      <Filter>base\big_templates</Filter>
    </ClInclude>
    <ClInclude Include="..\LSW\download_manager\downloader.h">
      <Filter>base\downloader</Filter>
    </ClInclude>
    <ClInclude Include="..\LSW\hash\sha256.h">
      <Filter>base\hash_gen</Filter>
    </ClInclude>
    <ClInclude Include="self_only.h">
      <Filter>main</Filter>
    </ClInclude>
    <ClInclude Include="..\LSW\menutton\menutton.h">
      <Filter>base\menutton</Filter>
    </ClInclude>
  </ItemGroup>
</Project>